
Microsoft Visual Studio Solution File, Format Version 12.00
# Visual Studio Version 17
VisualStudioVersion = 17.9.34728.123
MinimumVisualStudioVersion = 10.0.40219.1
Project("{FAE04EC0-301F-11D3-BF4B-00C04F79EFBC}") = "Decorator", "Decorator.csproj", "{58DE725B-E338-484F-9407-A9D14B089B9E}"
EndProject
Global
	GlobalSection(SolutionConfigurationPlatforms) = preSolution
		Debug|Any CPU = Debug|Any CPU
		Release|Any CPU = Release|Any CPU
	EndGlobalSection
	GlobalSection(ProjectConfigurationPlatforms) = postSolution
		{58DE725B-E338-484F-9407-A9D14B089B9E}.Debug|Any CPU.ActiveCfg = Debug|Any CPU
		{58DE725B-E338-484F-9407-A9D14B089B9E}.Debug|Any CPU.Build.0 = Debug|Any CPU
		{58DE725B-E338-484F-9407-A9D14B089B9E}.Release|Any CPU.ActiveCfg = Release|Any CPU
		{58DE725B-E338-484F-9407-A9D14B089B9E}.Release|Any CPU.Build.0 = Release|Any CPU
	EndGlobalSection
	GlobalSection(SolutionProperties) = preSolution
		HideSolutionNode = FALSE
	EndGlobalSection
	GlobalSection(ExtensibilityGlobals) = postSolution
		SolutionGuid = {AB18E5E9-7DB5-4BBB-91D7-609E1A3F777D}
	EndGlobalSection
EndGlobal
