
Microsoft Visual Studio Solution File, Format Version 12.00
# Visual Studio 14
VisualStudioVersion = 14.0.23107.0
MinimumVisualStudioVersion = 10.0.40219.1
Project("{FAE04EC0-301F-11D3-BF4B-00C04F79EFBC}") = "toCamelCase", "toCamelCase\toCamelCase.csproj", "{DA0DDABB-33C1-4D4F-B72F-5227CFE342E7}"
EndProject
Global
	GlobalSection(SolutionConfigurationPlatforms) = preSolution
		Debug|Any CPU = Debug|Any CPU
		Release|Any CPU = Release|Any CPU
	EndGlobalSection
	GlobalSection(ProjectConfigurationPlatforms) = postSolution
		{DA0DDABB-33C1-4D4F-B72F-5227CFE342E7}.Debug|Any CPU.ActiveCfg = Debug|Any CPU
		{DA0DDABB-33C1-4D4F-B72F-5227CFE342E7}.Debug|Any CPU.Build.0 = Debug|Any CPU
		{DA0DDABB-33C1-4D4F-B72F-5227CFE342E7}.Release|Any CPU.ActiveCfg = Release|Any CPU
		{DA0DDABB-33C1-4D4F-B72F-5227CFE342E7}.Release|Any CPU.Build.0 = Release|Any CPU
	EndGlobalSection
	GlobalSection(SolutionProperties) = preSolution
		HideSolutionNode = FALSE
	EndGlobalSection
EndGlobal
