
Microsoft Visual Studio Solution File, Format Version 12.00
# Visual Studio Version 17
VisualStudioVersion = 17.9.34728.123
MinimumVisualStudioVersion = 10.0.40219.1
Project("{FAE04EC0-301F-11D3-BF4B-00C04F79EFBC}") = "State", "State.csproj", "{49BC9BE4-7D89-49E2-82D8-C51F08E5A6B0}"
EndProject
Global
	GlobalSection(SolutionConfigurationPlatforms) = preSolution
		Debug|Any CPU = Debug|Any CPU
		Release|Any CPU = Release|Any CPU
	EndGlobalSection
	GlobalSection(ProjectConfigurationPlatforms) = postSolution
		{49BC9BE4-7D89-49E2-82D8-C51F08E5A6B0}.Debug|Any CPU.ActiveCfg = Debug|Any CPU
		{49BC9BE4-7D89-49E2-82D8-C51F08E5A6B0}.Debug|Any CPU.Build.0 = Debug|Any CPU
		{49BC9BE4-7D89-49E2-82D8-C51F08E5A6B0}.Release|Any CPU.ActiveCfg = Release|Any CPU
		{49BC9BE4-7D89-49E2-82D8-C51F08E5A6B0}.Release|Any CPU.Build.0 = Release|Any CPU
	EndGlobalSection
	GlobalSection(SolutionProperties) = preSolution
		HideSolutionNode = FALSE
	EndGlobalSection
	GlobalSection(ExtensibilityGlobals) = postSolution
		SolutionGuid = {A1E6DF14-CF47-47E7-99A6-5820EE3DEEDF}
	EndGlobalSection
EndGlobal
